
Microsoft Visual Studio Solution File, Format Version 12.00
# Visual Studio 14
VisualStudioVersion = 14.0.25420.1
MinimumVisualStudioVersion = 10.0.40219.1
Project("{FAE04EC0-301F-11D3-BF4B-00C04F79EFBC}") = "FindDuplicateFiles", "FindDuplicateFiles\FindDuplicateFiles.csproj", "{70E77216-8B6B-49F1-BFD8-69179F068FE7}"
EndProject
Project("{FAE04EC0-301F-11D3-BF4B-00C04F79EFBC}") = "FindDuplicateFilesTests", "FindDuplicateFilesTests\FindDuplicateFilesTests.csproj", "{A4D8103A-19BA-4553-82F3-658901166249}"
EndProject
Global
	GlobalSection(SolutionConfigurationPlatforms) = preSolution
		Debug|Any CPU = Debug|Any CPU
		Release|Any CPU = Release|Any CPU
	EndGlobalSection
	GlobalSection(ProjectConfigurationPlatforms) = postSolution
		{70E77216-8B6B-49F1-BFD8-69179F068FE7}.Debug|Any CPU.ActiveCfg = Debug|Any CPU
		{70E77216-8B6B-49F1-BFD8-69179F068FE7}.Debug|Any CPU.Build.0 = Debug|Any CPU
		{70E77216-8B6B-49F1-BFD8-69179F068FE7}.Release|Any CPU.ActiveCfg = Release|Any CPU
		{70E77216-8B6B-49F1-BFD8-69179F068FE7}.Release|Any CPU.Build.0 = Release|Any CPU
		{A4D8103A-19BA-4553-82F3-658901166249}.Debug|Any CPU.ActiveCfg = Debug|Any CPU
		{A4D8103A-19BA-4553-82F3-658901166249}.Debug|Any CPU.Build.0 = Debug|Any CPU
		{A4D8103A-19BA-4553-82F3-658901166249}.Release|Any CPU.ActiveCfg = Release|Any CPU
		{A4D8103A-19BA-4553-82F3-658901166249}.Release|Any CPU.Build.0 = Release|Any CPU
	EndGlobalSection
	GlobalSection(SolutionProperties) = preSolution
		HideSolutionNode = FALSE
	EndGlobalSection
EndGlobal
